
Microsoft Visual Studio Solution File, Format Version 12.00
# Visual Studio Version 17
VisualStudioVersion = 17.0.31903.59
MinimumVisualStudioVersion = 10.0.40219.1
Project("{FAE04EC0-301F-11D3-BF4B-00C04F79EFBC}") = "scyna", "scyna\scyna.csproj", "{AF9B0DFE-1C4C-4AD1-B6F7-47ED02211580}"
EndProject
Project("{2150E333-8FDC-42A3-9474-1A3956D46DE8}") = "example", "example", "{EF6CBB7A-FD7F-48AF-AE65-6F459A072AA9}"
EndProject
Project("{FAE04EC0-301F-11D3-BF4B-00C04F79EFBC}") = "hello", "example\hello\hello.csproj", "{DE21FB39-A0DB-40EE-BB11-C31A5DD7692C}"
EndProject
Project("{FAE04EC0-301F-11D3-BF4B-00C04F79EFBC}") = "hello-test", "example\hello-test\hello-test.csproj", "{2D728EE1-5020-4BB0-BBC7-B080BD833E88}"
EndProject
Project("{FAE04EC0-301F-11D3-BF4B-00C04F79EFBC}") = "registering", "example\registering\registering.csproj", "{FDDAC25F-9F1B-4FFD-B156-129F44073032}"
EndProject
Project("{FAE04EC0-301F-11D3-BF4B-00C04F79EFBC}") = "registering-test", "example\registering-test\registering-test.csproj", "{24FB685F-707A-4597-A421-3B077828A175}"
EndProject
Global
	GlobalSection(SolutionConfigurationPlatforms) = preSolution
		Debug|Any CPU = Debug|Any CPU
		Release|Any CPU = Release|Any CPU
	EndGlobalSection
	GlobalSection(SolutionProperties) = preSolution
		HideSolutionNode = FALSE
	EndGlobalSection
	GlobalSection(ProjectConfigurationPlatforms) = postSolution
		{AF9B0DFE-1C4C-4AD1-B6F7-47ED02211580}.Debug|Any CPU.ActiveCfg = Debug|Any CPU
		{AF9B0DFE-1C4C-4AD1-B6F7-47ED02211580}.Debug|Any CPU.Build.0 = Debug|Any CPU
		{AF9B0DFE-1C4C-4AD1-B6F7-47ED02211580}.Release|Any CPU.ActiveCfg = Release|Any CPU
		{AF9B0DFE-1C4C-4AD1-B6F7-47ED02211580}.Release|Any CPU.Build.0 = Release|Any CPU
		{DE21FB39-A0DB-40EE-BB11-C31A5DD7692C}.Debug|Any CPU.ActiveCfg = Debug|Any CPU
		{DE21FB39-A0DB-40EE-BB11-C31A5DD7692C}.Debug|Any CPU.Build.0 = Debug|Any CPU
		{DE21FB39-A0DB-40EE-BB11-C31A5DD7692C}.Release|Any CPU.ActiveCfg = Release|Any CPU
		{DE21FB39-A0DB-40EE-BB11-C31A5DD7692C}.Release|Any CPU.Build.0 = Release|Any CPU
		{2D728EE1-5020-4BB0-BBC7-B080BD833E88}.Debug|Any CPU.ActiveCfg = Debug|Any CPU
		{2D728EE1-5020-4BB0-BBC7-B080BD833E88}.Debug|Any CPU.Build.0 = Debug|Any CPU
		{2D728EE1-5020-4BB0-BBC7-B080BD833E88}.Release|Any CPU.ActiveCfg = Release|Any CPU
		{2D728EE1-5020-4BB0-BBC7-B080BD833E88}.Release|Any CPU.Build.0 = Release|Any CPU
		{FDDAC25F-9F1B-4FFD-B156-129F44073032}.Debug|Any CPU.ActiveCfg = Debug|Any CPU
		{FDDAC25F-9F1B-4FFD-B156-129F44073032}.Debug|Any CPU.Build.0 = Debug|Any CPU
		{FDDAC25F-9F1B-4FFD-B156-129F44073032}.Release|Any CPU.ActiveCfg = Release|Any CPU
		{FDDAC25F-9F1B-4FFD-B156-129F44073032}.Release|Any CPU.Build.0 = Release|Any CPU
		{24FB685F-707A-4597-A421-3B077828A175}.Debug|Any CPU.ActiveCfg = Debug|Any CPU
		{24FB685F-707A-4597-A421-3B077828A175}.Debug|Any CPU.Build.0 = Debug|Any CPU
		{24FB685F-707A-4597-A421-3B077828A175}.Release|Any CPU.ActiveCfg = Release|Any CPU
		{24FB685F-707A-4597-A421-3B077828A175}.Release|Any CPU.Build.0 = Release|Any CPU
	EndGlobalSection
	GlobalSection(NestedProjects) = preSolution
		{DE21FB39-A0DB-40EE-BB11-C31A5DD7692C} = {EF6CBB7A-FD7F-48AF-AE65-6F459A072AA9}
		{2D728EE1-5020-4BB0-BBC7-B080BD833E88} = {EF6CBB7A-FD7F-48AF-AE65-6F459A072AA9}
		{FDDAC25F-9F1B-4FFD-B156-129F44073032} = {EF6CBB7A-FD7F-48AF-AE65-6F459A072AA9}
		{24FB685F-707A-4597-A421-3B077828A175} = {EF6CBB7A-FD7F-48AF-AE65-6F459A072AA9}
	EndGlobalSection
EndGlobal
