
Microsoft Visual Studio Solution File, Format Version 12.00
# Visual Studio Version 16
VisualStudioVersion = 16.0.30114.105
MinimumVisualStudioVersion = 10.0.40219.1
Project("{FAE04EC0-301F-11D3-BF4B-00C04F79EFBC}") = "scyna", "scyna\scyna.csproj", "{721B5667-535E-4AE2-9846-53AB81ABEED8}"
EndProject
Project("{2150E333-8FDC-42A3-9474-1A3956D46DE8}") = "example", "example", "{D33C0913-B233-4D48-864A-92D1E0E29CF4}"
EndProject
Project("{FAE04EC0-301F-11D3-BF4B-00C04F79EFBC}") = "hello", "example\hello\hello.csproj", "{7F060E7E-7E83-499F-B89D-8F0F2444D308}"
EndProject
Project("{FAE04EC0-301F-11D3-BF4B-00C04F79EFBC}") = "hello_test", "example\hello_test\hello_test.csproj", "{15D16094-491D-4BEE-8912-B24F14B09AFF}"
EndProject
Project("{FAE04EC0-301F-11D3-BF4B-00C04F79EFBC}") = "account", "example\account\account.csproj", "{A98A6203-9E9F-406D-876C-6310ADFB1C41}"
EndProject
Project("{FAE04EC0-301F-11D3-BF4B-00C04F79EFBC}") = "account_test", "example\account_test\account_test.csproj", "{4478C542-2ECC-49EA-8A37-B9B62E7D0C33}"
EndProject
Project("{2150E333-8FDC-42A3-9474-1A3956D46DE8}") = "xunit", "xunit", "{36C8E166-A780-4618-B466-FB5C23D7FE59}"
EndProject
Project("{FAE04EC0-301F-11D3-BF4B-00C04F79EFBC}") = "TestxUnit", "example\xunit\TestxUnit\TestxUnit.csproj", "{19AF5A1C-950C-4AA7-9F04-2F34900750A5}"
EndProject
Global
	GlobalSection(SolutionConfigurationPlatforms) = preSolution
		Debug|Any CPU = Debug|Any CPU
		Release|Any CPU = Release|Any CPU
	EndGlobalSection
	GlobalSection(SolutionProperties) = preSolution
		HideSolutionNode = FALSE
	EndGlobalSection
	GlobalSection(ProjectConfigurationPlatforms) = postSolution
		{721B5667-535E-4AE2-9846-53AB81ABEED8}.Debug|Any CPU.ActiveCfg = Debug|Any CPU
		{721B5667-535E-4AE2-9846-53AB81ABEED8}.Debug|Any CPU.Build.0 = Debug|Any CPU
		{721B5667-535E-4AE2-9846-53AB81ABEED8}.Release|Any CPU.ActiveCfg = Release|Any CPU
		{721B5667-535E-4AE2-9846-53AB81ABEED8}.Release|Any CPU.Build.0 = Release|Any CPU
		{7F060E7E-7E83-499F-B89D-8F0F2444D308}.Debug|Any CPU.ActiveCfg = Debug|Any CPU
		{7F060E7E-7E83-499F-B89D-8F0F2444D308}.Debug|Any CPU.Build.0 = Debug|Any CPU
		{7F060E7E-7E83-499F-B89D-8F0F2444D308}.Release|Any CPU.ActiveCfg = Release|Any CPU
		{7F060E7E-7E83-499F-B89D-8F0F2444D308}.Release|Any CPU.Build.0 = Release|Any CPU
		{15D16094-491D-4BEE-8912-B24F14B09AFF}.Debug|Any CPU.ActiveCfg = Debug|Any CPU
		{15D16094-491D-4BEE-8912-B24F14B09AFF}.Debug|Any CPU.Build.0 = Debug|Any CPU
		{15D16094-491D-4BEE-8912-B24F14B09AFF}.Release|Any CPU.ActiveCfg = Release|Any CPU
		{15D16094-491D-4BEE-8912-B24F14B09AFF}.Release|Any CPU.Build.0 = Release|Any CPU
		{A98A6203-9E9F-406D-876C-6310ADFB1C41}.Debug|Any CPU.ActiveCfg = Debug|Any CPU
		{A98A6203-9E9F-406D-876C-6310ADFB1C41}.Debug|Any CPU.Build.0 = Debug|Any CPU
		{A98A6203-9E9F-406D-876C-6310ADFB1C41}.Release|Any CPU.ActiveCfg = Release|Any CPU
		{A98A6203-9E9F-406D-876C-6310ADFB1C41}.Release|Any CPU.Build.0 = Release|Any CPU
		{4478C542-2ECC-49EA-8A37-B9B62E7D0C33}.Debug|Any CPU.ActiveCfg = Debug|Any CPU
		{4478C542-2ECC-49EA-8A37-B9B62E7D0C33}.Debug|Any CPU.Build.0 = Debug|Any CPU
		{4478C542-2ECC-49EA-8A37-B9B62E7D0C33}.Release|Any CPU.ActiveCfg = Release|Any CPU
		{4478C542-2ECC-49EA-8A37-B9B62E7D0C33}.Release|Any CPU.Build.0 = Release|Any CPU
		{19AF5A1C-950C-4AA7-9F04-2F34900750A5}.Debug|Any CPU.ActiveCfg = Debug|Any CPU
		{19AF5A1C-950C-4AA7-9F04-2F34900750A5}.Debug|Any CPU.Build.0 = Debug|Any CPU
		{19AF5A1C-950C-4AA7-9F04-2F34900750A5}.Release|Any CPU.ActiveCfg = Release|Any CPU
		{19AF5A1C-950C-4AA7-9F04-2F34900750A5}.Release|Any CPU.Build.0 = Release|Any CPU
	EndGlobalSection
	GlobalSection(NestedProjects) = preSolution
		{7F060E7E-7E83-499F-B89D-8F0F2444D308} = {D33C0913-B233-4D48-864A-92D1E0E29CF4}
		{15D16094-491D-4BEE-8912-B24F14B09AFF} = {D33C0913-B233-4D48-864A-92D1E0E29CF4}
		{A98A6203-9E9F-406D-876C-6310ADFB1C41} = {D33C0913-B233-4D48-864A-92D1E0E29CF4}
		{4478C542-2ECC-49EA-8A37-B9B62E7D0C33} = {D33C0913-B233-4D48-864A-92D1E0E29CF4}
		{36C8E166-A780-4618-B466-FB5C23D7FE59} = {D33C0913-B233-4D48-864A-92D1E0E29CF4}
		{19AF5A1C-950C-4AA7-9F04-2F34900750A5} = {36C8E166-A780-4618-B466-FB5C23D7FE59}
	EndGlobalSection
EndGlobal
