
Microsoft Visual Studio Solution File, Format Version 12.00
# Visual Studio Version 16
VisualStudioVersion = 16.0.30114.105
MinimumVisualStudioVersion = 10.0.40219.1
Project("{FAE04EC0-301F-11D3-BF4B-00C04F79EFBC}") = "scyna", "scyna\scyna.csproj", "{75B7694D-FB5A-4936-9CD4-F99B631F645F}"
EndProject
Project("{2150E333-8FDC-42A3-9474-1A3956D46DE8}") = "example", "example", "{97D355EE-EFD3-4556-A13A-41660D03FBA5}"
EndProject
Project("{FAE04EC0-301F-11D3-BF4B-00C04F79EFBC}") = "echo", "example\echo\echo.csproj", "{11C92477-68A4-47C2-B5F4-C2DBCF22DD0C}"
EndProject
Project("{FAE04EC0-301F-11D3-BF4B-00C04F79EFBC}") = "test", "example\test\test.csproj", "{AB28728F-5D78-47A5-B6DE-1793F79C41A6}"
EndProject
Global
	GlobalSection(SolutionConfigurationPlatforms) = preSolution
		Debug|Any CPU = Debug|Any CPU
		Release|Any CPU = Release|Any CPU
	EndGlobalSection
	GlobalSection(SolutionProperties) = preSolution
		HideSolutionNode = FALSE
	EndGlobalSection
	GlobalSection(ProjectConfigurationPlatforms) = postSolution
		{75B7694D-FB5A-4936-9CD4-F99B631F645F}.Debug|Any CPU.ActiveCfg = Debug|Any CPU
		{75B7694D-FB5A-4936-9CD4-F99B631F645F}.Debug|Any CPU.Build.0 = Debug|Any CPU
		{75B7694D-FB5A-4936-9CD4-F99B631F645F}.Release|Any CPU.ActiveCfg = Release|Any CPU
		{75B7694D-FB5A-4936-9CD4-F99B631F645F}.Release|Any CPU.Build.0 = Release|Any CPU
		{11C92477-68A4-47C2-B5F4-C2DBCF22DD0C}.Debug|Any CPU.ActiveCfg = Debug|Any CPU
		{11C92477-68A4-47C2-B5F4-C2DBCF22DD0C}.Debug|Any CPU.Build.0 = Debug|Any CPU
		{11C92477-68A4-47C2-B5F4-C2DBCF22DD0C}.Release|Any CPU.ActiveCfg = Release|Any CPU
		{11C92477-68A4-47C2-B5F4-C2DBCF22DD0C}.Release|Any CPU.Build.0 = Release|Any CPU
		{AB28728F-5D78-47A5-B6DE-1793F79C41A6}.Debug|Any CPU.ActiveCfg = Debug|Any CPU
		{AB28728F-5D78-47A5-B6DE-1793F79C41A6}.Debug|Any CPU.Build.0 = Debug|Any CPU
		{AB28728F-5D78-47A5-B6DE-1793F79C41A6}.Release|Any CPU.ActiveCfg = Release|Any CPU
		{AB28728F-5D78-47A5-B6DE-1793F79C41A6}.Release|Any CPU.Build.0 = Release|Any CPU
	EndGlobalSection
	GlobalSection(NestedProjects) = preSolution
		{11C92477-68A4-47C2-B5F4-C2DBCF22DD0C} = {97D355EE-EFD3-4556-A13A-41660D03FBA5}
	EndGlobalSection
EndGlobal
